
Microsoft Visual Studio Solution File, Format Version 12.00
# Visual Studio 14
VisualStudioVersion = 14.0.25420.1
MinimumVisualStudioVersion = 10.0.40219.1
Project("{FAE04EC0-301F-11D3-BF4B-00C04F79EFBC}") = "Common_Is_NaN", "Common_Is_NaN\Common_Is_NaN.csproj", "{1D7AEE21-A831-42AB-A861-20692B8D7F95}"
EndProject
Global
	GlobalSection(SolutionConfigurationPlatforms) = preSolution
		Debug|Any CPU = Debug|Any CPU
		Release|Any CPU = Release|Any CPU
	EndGlobalSection
	GlobalSection(ProjectConfigurationPlatforms) = postSolution
		{1D7AEE21-A831-42AB-A861-20692B8D7F95}.Debug|Any CPU.ActiveCfg = Debug|x86
		{1D7AEE21-A831-42AB-A861-20692B8D7F95}.Release|Any CPU.ActiveCfg = Debug|x86
		{1D7AEE21-A831-42AB-A861-20692B8D7F95}.Release|Any CPU.Build.0 = Debug|x86
	EndGlobalSection
	GlobalSection(SolutionProperties) = preSolution
		HideSolutionNode = FALSE
	EndGlobalSection
EndGlobal
